
Microsoft Visual Studio Solution File, Format Version 12.00
# Visual Studio Version 17
VisualStudioVersion = 17.13.35931.197 d17.13
MinimumVisualStudioVersion = 10.0.40219.1
Project("{FAE04EC0-301F-11D3-BF4B-00C04F79EFBC}") = "LeeXerri_CustomerService", "LeeXerri_CustomerService\LeeXerri_CustomerService.csproj", "{894FF683-5A40-4B57-BA0F-E1756919F0D8}"
EndProject
Global
	GlobalSection(SolutionConfigurationPlatforms) = preSolution
		Debug|Any CPU = Debug|Any CPU
		Release|Any CPU = Release|Any CPU
	EndGlobalSection
	GlobalSection(ProjectConfigurationPlatforms) = postSolution
		{894FF683-5A40-4B57-BA0F-E1756919F0D8}.Debug|Any CPU.ActiveCfg = Debug|Any CPU
		{894FF683-5A40-4B57-BA0F-E1756919F0D8}.Debug|Any CPU.Build.0 = Debug|Any CPU
		{894FF683-5A40-4B57-BA0F-E1756919F0D8}.Release|Any CPU.ActiveCfg = Release|Any CPU
		{894FF683-5A40-4B57-BA0F-E1756919F0D8}.Release|Any CPU.Build.0 = Release|Any CPU
	EndGlobalSection
	GlobalSection(SolutionProperties) = preSolution
		HideSolutionNode = FALSE
	EndGlobalSection
	GlobalSection(ExtensibilityGlobals) = postSolution
		SolutionGuid = {200C73AD-5D1D-4366-96B2-3D146555C79F}
	EndGlobalSection
EndGlobal
